
Microsoft Visual Studio Solution File, Format Version 12.00
# Visual Studio Version 17
VisualStudioVersion = 17.7.34221.43
MinimumVisualStudioVersion = 10.0.40219.1
Project("{9A19103F-16F7-4668-BE54-9A1E7A4F7556}") = "C#Project", "C#Project\C#Project.csproj", "{4CE13BB2-7F19-42A8-B846-EFEF5413286E}"
EndProject
Project("{9A19103F-16F7-4668-BE54-9A1E7A4F7556}") = "Domain", "Domain\Domain.csproj", "{A42C2BC3-2291-468C-A7EF-4CCFDFF1394F}"
EndProject
Project("{9A19103F-16F7-4668-BE54-9A1E7A4F7556}") = "Repostories", "Repostories\Repostories.csproj", "{51E5293A-D206-48C1-A223-B1FA6E154207}"
EndProject
Project("{FAE04EC0-301F-11D3-BF4B-00C04F79EFBC}") = "Service", "Services\Service.csproj", "{8BA8054A-9120-40FA-B382-D01A19E25A0F}"
EndProject
Global
	GlobalSection(SolutionConfigurationPlatforms) = preSolution
		Debug|Any CPU = Debug|Any CPU
		Release|Any CPU = Release|Any CPU
	EndGlobalSection
	GlobalSection(ProjectConfigurationPlatforms) = postSolution
		{4CE13BB2-7F19-42A8-B846-EFEF5413286E}.Debug|Any CPU.ActiveCfg = Debug|Any CPU
		{4CE13BB2-7F19-42A8-B846-EFEF5413286E}.Debug|Any CPU.Build.0 = Debug|Any CPU
		{4CE13BB2-7F19-42A8-B846-EFEF5413286E}.Release|Any CPU.ActiveCfg = Release|Any CPU
		{4CE13BB2-7F19-42A8-B846-EFEF5413286E}.Release|Any CPU.Build.0 = Release|Any CPU
		{A42C2BC3-2291-468C-A7EF-4CCFDFF1394F}.Debug|Any CPU.ActiveCfg = Debug|Any CPU
		{A42C2BC3-2291-468C-A7EF-4CCFDFF1394F}.Debug|Any CPU.Build.0 = Debug|Any CPU
		{A42C2BC3-2291-468C-A7EF-4CCFDFF1394F}.Release|Any CPU.ActiveCfg = Release|Any CPU
		{A42C2BC3-2291-468C-A7EF-4CCFDFF1394F}.Release|Any CPU.Build.0 = Release|Any CPU
		{51E5293A-D206-48C1-A223-B1FA6E154207}.Debug|Any CPU.ActiveCfg = Debug|Any CPU
		{51E5293A-D206-48C1-A223-B1FA6E154207}.Debug|Any CPU.Build.0 = Debug|Any CPU
		{51E5293A-D206-48C1-A223-B1FA6E154207}.Release|Any CPU.ActiveCfg = Release|Any CPU
		{51E5293A-D206-48C1-A223-B1FA6E154207}.Release|Any CPU.Build.0 = Release|Any CPU
		{8BA8054A-9120-40FA-B382-D01A19E25A0F}.Debug|Any CPU.ActiveCfg = Debug|Any CPU
		{8BA8054A-9120-40FA-B382-D01A19E25A0F}.Debug|Any CPU.Build.0 = Debug|Any CPU
		{8BA8054A-9120-40FA-B382-D01A19E25A0F}.Release|Any CPU.ActiveCfg = Release|Any CPU
		{8BA8054A-9120-40FA-B382-D01A19E25A0F}.Release|Any CPU.Build.0 = Release|Any CPU
	EndGlobalSection
	GlobalSection(SolutionProperties) = preSolution
		HideSolutionNode = FALSE
	EndGlobalSection
	GlobalSection(ExtensibilityGlobals) = postSolution
		SolutionGuid = {F2ACB414-EF78-45A6-BD2D-02DB327D3345}
	EndGlobalSection
EndGlobal
